
Microsoft Visual Studio Solution File, Format Version 12.00
# Visual Studio Version 17
VisualStudioVersion = 17.14.36221.1 d17.14
MinimumVisualStudioVersion = 10.0.40219.1
Project("{FAE04EC0-301F-11D3-BF4B-00C04F79EFBC}") = "Session5", "Session5.csproj", "{2B8A7E8E-3FE9-4959-B8FF-BD5CD199C7CD}"
EndProject
Global
	GlobalSection(SolutionConfigurationPlatforms) = preSolution
		Debug|Any CPU = Debug|Any CPU
		Release|Any CPU = Release|Any CPU
	EndGlobalSection
	GlobalSection(ProjectConfigurationPlatforms) = postSolution
		{2B8A7E8E-3FE9-4959-B8FF-BD5CD199C7CD}.Debug|Any CPU.ActiveCfg = Debug|Any CPU
		{2B8A7E8E-3FE9-4959-B8FF-BD5CD199C7CD}.Debug|Any CPU.Build.0 = Debug|Any CPU
		{2B8A7E8E-3FE9-4959-B8FF-BD5CD199C7CD}.Release|Any CPU.ActiveCfg = Release|Any CPU
		{2B8A7E8E-3FE9-4959-B8FF-BD5CD199C7CD}.Release|Any CPU.Build.0 = Release|Any CPU
	EndGlobalSection
	GlobalSection(SolutionProperties) = preSolution
		HideSolutionNode = FALSE
	EndGlobalSection
	GlobalSection(ExtensibilityGlobals) = postSolution
		SolutionGuid = {7358E0AD-573A-4FD1-926C-01CCE92EC2CD}
	EndGlobalSection
EndGlobal
